
Microsoft Visual Studio Solution File, Format Version 11.00
# Visual Studio 2010
Project("{FAE04EC0-301F-11D3-BF4B-00C04F79EFBC}") = "NatSuite.Devices", "NatSuite.Devices.csproj", "{18d870f8-1829-547f-27e9-bf33dc850e1c}"
EndProject
Project("{FAE04EC0-301F-11D3-BF4B-00C04F79EFBC}") = "Assembly-CSharp", "Assembly-CSharp.csproj", "{e852af06-64ac-1e8b-cc92-723591667a80}"
EndProject
Project("{FAE04EC0-301F-11D3-BF4B-00C04F79EFBC}") = "NatSuite.ML.Vision.UltraFace", "NatSuite.ML.Vision.UltraFace.csproj", "{f3af0b37-f702-3449-1335-81b6752249c3}"
EndProject
Global
	GlobalSection(SolutionConfigurationPlatforms) = preSolution
		Debug|Any CPU = Debug|Any CPU
	EndGlobalSection
	GlobalSection(ProjectConfigurationPlatforms) = postSolution
		{18d870f8-1829-547f-27e9-bf33dc850e1c}.Debug|Any CPU.ActiveCfg = Debug|Any CPU
		{18d870f8-1829-547f-27e9-bf33dc850e1c}.Debug|Any CPU.Build.0 = Debug|Any CPU
		{e852af06-64ac-1e8b-cc92-723591667a80}.Debug|Any CPU.ActiveCfg = Debug|Any CPU
		{e852af06-64ac-1e8b-cc92-723591667a80}.Debug|Any CPU.Build.0 = Debug|Any CPU
		{f3af0b37-f702-3449-1335-81b6752249c3}.Debug|Any CPU.ActiveCfg = Debug|Any CPU
		{f3af0b37-f702-3449-1335-81b6752249c3}.Debug|Any CPU.Build.0 = Debug|Any CPU
	EndGlobalSection
	GlobalSection(SolutionProperties) = preSolution
		HideSolutionNode = FALSE
	EndGlobalSection
EndGlobal
