
Microsoft Visual Studio Solution File, Format Version 11.00
# Visual Studio 2010
Project("{FAE04EC0-301F-11D3-BF4B-00C04F79EFBC}") = "Assembly-CSharp", "Assembly-CSharp.csproj", "{d6396dfd-621d-133c-6291-7be2f31a72e8}"
EndProject
Project("{FAE04EC0-301F-11D3-BF4B-00C04F79EFBC}") = "NatML.Vision.BlazeFace", "NatML.Vision.BlazeFace.csproj", "{89e2066f-49c6-ba83-cfd3-363a5313b275}"
EndProject
Global
	GlobalSection(SolutionConfigurationPlatforms) = preSolution
		Debug|Any CPU = Debug|Any CPU
	EndGlobalSection
	GlobalSection(ProjectConfigurationPlatforms) = postSolution
		{d6396dfd-621d-133c-6291-7be2f31a72e8}.Debug|Any CPU.ActiveCfg = Debug|Any CPU
		{d6396dfd-621d-133c-6291-7be2f31a72e8}.Debug|Any CPU.Build.0 = Debug|Any CPU
		{89e2066f-49c6-ba83-cfd3-363a5313b275}.Debug|Any CPU.ActiveCfg = Debug|Any CPU
		{89e2066f-49c6-ba83-cfd3-363a5313b275}.Debug|Any CPU.Build.0 = Debug|Any CPU
	EndGlobalSection
	GlobalSection(SolutionProperties) = preSolution
		HideSolutionNode = FALSE
	EndGlobalSection
EndGlobal
